Microsoft Visual Studio Solution File, Format Version 12.00
# Visual Studio Version 16
VisualStudioVersion = 16.0.28922.388
MinimumVisualStudioVersion = 10.0.40219.1
Project("{8BC9CEB8-8B4A-11D0-8D11-00A0C91BC942}") = "oglMFCDialog", "oglMFCDialog.vcxproj", "{F26B6BE3-4856-484A-9579-4815E56661DE}"
EndProject
Global
	GlobalSection(SolutionConfigurationPlatforms) = preSolution
		Debug|x86 = Debug|x86
		Release|x86 = Release|x86
	EndGlobalSection
	GlobalSection(ProjectConfigurationPlatforms) = postSolution
		{F26B6BE3-4856-484A-9579-4815E56661DE}.Debug|x86.ActiveCfg = Debug|Win32
		{F26B6BE3-4856-484A-9579-4815E56661DE}.Debug|x86.Build.0 = Debug|Win32
		{F26B6BE3-4856-484A-9579-4815E56661DE}.Release|x86.ActiveCfg = Release|Win32
		{F26B6BE3-4856-484A-9579-4815E56661DE}.Release|x86.Build.0 = Release|Win32
	EndGlobalSection
	GlobalSection(SolutionProperties) = preSolution
		HideSolutionNode = FALSE
	EndGlobalSection
	GlobalSection(ExtensibilityGlobals) = postSolution
		SolutionGuid = {5CF6DD42-716A-4827-ACB9-35667B2D3B67}
	EndGlobalSection
EndGlobal
