
Microsoft Visual Studio Solution File, Format Version 12.00
# Visual Studio 15
VisualStudioVersion = 15.0.28307.645
MinimumVisualStudioVersion = 10.0.40219.1
Project("{8BC9CEB8-8B4A-11D0-8D11-00A0C91BC942}") = "FormBased", "FormBased\FormBased.vcxproj", "{19077C47-43F7-4847-A377-7B610ED8DF5D}"
EndProject
Global
	GlobalSection(SolutionConfigurationPlatforms) = preSolution
		Debug|x64 = Debug|x64
		Debug|x86 = Debug|x86
		Release|x64 = Release|x64
		Release|x86 = Release|x86
	EndGlobalSection
	GlobalSection(ProjectConfigurationPlatforms) = postSolution
		{19077C47-43F7-4847-A377-7B610ED8DF5D}.Debug|x64.ActiveCfg = Debug|x64
		{19077C47-43F7-4847-A377-7B610ED8DF5D}.Debug|x64.Build.0 = Debug|x64
		{19077C47-43F7-4847-A377-7B610ED8DF5D}.Debug|x86.ActiveCfg = Debug|Win32
		{19077C47-43F7-4847-A377-7B610ED8DF5D}.Debug|x86.Build.0 = Debug|Win32
		{19077C47-43F7-4847-A377-7B610ED8DF5D}.Release|x64.ActiveCfg = Release|x64
		{19077C47-43F7-4847-A377-7B610ED8DF5D}.Release|x64.Build.0 = Release|x64
		{19077C47-43F7-4847-A377-7B610ED8DF5D}.Release|x86.ActiveCfg = Release|Win32
		{19077C47-43F7-4847-A377-7B610ED8DF5D}.Release|x86.Build.0 = Release|Win32
	EndGlobalSection
	GlobalSection(SolutionProperties) = preSolution
		HideSolutionNode = FALSE
	EndGlobalSection
	GlobalSection(ExtensibilityGlobals) = postSolution
		SolutionGuid = {3E2EF9B4-1C0D-4C1C-94BD-75FFFCD5908A}
	EndGlobalSection
EndGlobal
